
Microsoft Visual Studio Solution File, Format Version 12.00
# Visual Studio Version 17
VisualStudioVersion = 17.6.33723.286
MinimumVisualStudioVersion = 10.0.40219.1
Project("{FAE04EC0-301F-11D3-BF4B-00C04F79EFBC}") = "FlightBooking", "FlightBooking\FlightBooking.csproj", "{47391AF7-286D-401A-A675-174A35EA343D}"
EndProject
Global
	GlobalSection(SolutionConfigurationPlatforms) = preSolution
		Debug|Any CPU = Debug|Any CPU
		Release|Any CPU = Release|Any CPU
	EndGlobalSection
	GlobalSection(ProjectConfigurationPlatforms) = postSolution
		{47391AF7-286D-401A-A675-174A35EA343D}.Debug|Any CPU.ActiveCfg = Debug|Any CPU
		{47391AF7-286D-401A-A675-174A35EA343D}.Debug|Any CPU.Build.0 = Debug|Any CPU
		{47391AF7-286D-401A-A675-174A35EA343D}.Release|Any CPU.ActiveCfg = Release|Any CPU
		{47391AF7-286D-401A-A675-174A35EA343D}.Release|Any CPU.Build.0 = Release|Any CPU
	EndGlobalSection
	GlobalSection(SolutionProperties) = preSolution
		HideSolutionNode = FALSE
	EndGlobalSection
	GlobalSection(ExtensibilityGlobals) = postSolution
		SolutionGuid = {0995B396-36C5-4EFA-A177-A8BB70E1C669}
	EndGlobalSection
EndGlobal
